
Microsoft Visual Studio Solution File, Format Version 12.00
# Visual Studio Version 16
VisualStudioVersion = 25.0.1703.5
MinimumVisualStudioVersion = 10.0.40219.1
Project("{FAE04EC0-301F-11D3-BF4B-00C04F79EFBC}") = "FactoryPatternExercise", "FactoryPatternExercise\FactoryPatternExercise.csproj", "{4E446AFA-090A-45BB-ADC4-48156EDF286E}"
EndProject
Global
	GlobalSection(SolutionConfigurationPlatforms) = preSolution
		Debug|Any CPU = Debug|Any CPU
		Release|Any CPU = Release|Any CPU
	EndGlobalSection
	GlobalSection(ProjectConfigurationPlatforms) = postSolution
		{4E446AFA-090A-45BB-ADC4-48156EDF286E}.Debug|Any CPU.ActiveCfg = Debug|Any CPU
		{4E446AFA-090A-45BB-ADC4-48156EDF286E}.Debug|Any CPU.Build.0 = Debug|Any CPU
		{4E446AFA-090A-45BB-ADC4-48156EDF286E}.Release|Any CPU.ActiveCfg = Release|Any CPU
		{4E446AFA-090A-45BB-ADC4-48156EDF286E}.Release|Any CPU.Build.0 = Release|Any CPU
	EndGlobalSection
	GlobalSection(SolutionProperties) = preSolution
		HideSolutionNode = FALSE
	EndGlobalSection
	GlobalSection(ExtensibilityGlobals) = postSolution
		SolutionGuid = {DDA873B3-5D9D-408D-AB76-56A8868FDCA3}
	EndGlobalSection
EndGlobal
